// !$*UTF8*$!
{
	archiveVersion = 1;
	classes = {
	};
	objectVersion = 50;
	objects = {

/* Begin PBXBuildFile section */
		CF0C11ED221C28AA0067D023 /* CartSummaryCollectionViewCell.swift in Sources */ = {isa = PBXBuildFile; fileRef = CF0C11EB221C28A90067D023 /* CartSummaryCollectionViewCell.swift */; };
		CF0C11EE221C28AB0067D023 /* CartSummaryCollectionViewCell.xib in Resources */ = {isa = PBXBuildFile; fileRef = CF0C11EC221C28AA0067D023 /* CartSummaryCollectionViewCell.xib */; };
		CF0C11F0221C33250067D023 /* CartViewController.swift in Sources */ = {isa = PBXBuildFile; fileRef = CF0C11EF221C33250067D023 /* CartViewController.swift */; };
		CF273CA521F2331E00C40D0C /* ProductCollectionViewCell.swift in Sources */ = {isa = PBXBuildFile; fileRef = CF273CA321F2331D00C40D0C /* ProductCollectionViewCell.swift */; };
		CF273CA621F2331E00C40D0C /* ProductCollectionViewCell.xib in Resources */ = {isa = PBXBuildFile; fileRef = CF273CA421F2331D00C40D0C /* ProductCollectionViewCell.xib */; };
		CF273CA821F236F600C40D0C /* ProductsCollectionViewController.swift in Sources */ = {isa = PBXBuildFile; fileRef = CF273CA721F236F600C40D0C /* ProductsCollectionViewController.swift */; };
		CF59632321F1EB5B0011ADBD /* catalog.json in Resources */ = {isa = PBXBuildFile; fileRef = CF59632221F1E7F70011ADBD /* catalog.json */; };
		CF5A4536221619D800385CB9 /* titleImage.jpg in Resources */ = {isa = PBXBuildFile; fileRef = CF5A45352216197C00385CB9 /* titleImage.jpg */; };
		CF5B2D6A221F0A540054EAE5 /* OrderTotalViewCell.swift in Sources */ = {isa = PBXBuildFile; fileRef = CF5B2D61221F0A4E0054EAE5 /* OrderTotalViewCell.swift */; };
		CF5B2D6B221F0A540054EAE5 /* OrderProductViewCell.xib in Resources */ = {isa = PBXBuildFile; fileRef = CF5B2D62221F0A4E0054EAE5 /* OrderProductViewCell.xib */; };
		CF5B2D6C221F0A540054EAE5 /* Cart.swift in Sources */ = {isa = PBXBuildFile; fileRef = CF5B2D63221F0A4F0054EAE5 /* Cart.swift */; };
		CF5B2D6D221F0A540054EAE5 /* Utility.swift in Sources */ = {isa = PBXBuildFile; fileRef = CF5B2D64221F0A500054EAE5 /* Utility.swift */; };
		CF5B2D6E221F0A540054EAE5 /* OrderShippingDataViewCell.swift in Sources */ = {isa = PBXBuildFile; fileRef = CF5B2D65221F0A510054EAE5 /* OrderShippingDataViewCell.swift */; };
		CF5B2D6F221F0A540054EAE5 /* OrderShippingDataViewCell.xib in Resources */ = {isa = PBXBuildFile; fileRef = CF5B2D66221F0A510054EAE5 /* OrderShippingDataViewCell.xib */; };
		CF5B2D70221F0A540054EAE5 /* OrderProductViewCell.swift in Sources */ = {isa = PBXBuildFile; fileRef = CF5B2D67221F0A520054EAE5 /* OrderProductViewCell.swift */; };
		CF5B2D71221F0A540054EAE5 /* OrderTotalViewCell.xib in Resources */ = {isa = PBXBuildFile; fileRef = CF5B2D68221F0A530054EAE5 /* OrderTotalViewCell.xib */; };
		CF801197221F2861003523B2 /* OrderViewController.swift in Sources */ = {isa = PBXBuildFile; fileRef = CF801196221F2861003523B2 /* OrderViewController.swift */; };
		CF8149022218B12F00EED500 /* CartDelegate.swift in Sources */ = {isa = PBXBuildFile; fileRef = CF8149012218B12F00EED500 /* CartDelegate.swift */; };
		CF8149042218B80400EED500 /* ProductsViewControllerDelegate.swift in Sources */ = {isa = PBXBuildFile; fileRef = CF8149032218B80400EED500 /* ProductsViewControllerDelegate.swift */; };
		CF8922CF21FB680A00EFDC24 /* SliderViewCell.swift in Sources */ = {isa = PBXBuildFile; fileRef = CF8922CD21FB680A00EFDC24 /* SliderViewCell.swift */; };
		CF8922D021FB680A00EFDC24 /* SliderViewCell.xib in Resources */ = {isa = PBXBuildFile; fileRef = CF8922CE21FB680A00EFDC24 /* SliderViewCell.xib */; };
		CF9457F9221337D000AAE4FD /* Slider.swift in Sources */ = {isa = PBXBuildFile; fileRef = CF9457F8221337D000AAE4FD /* Slider.swift */; };
		CFA4D316221B56BD001972EC /* SearchCollectionViewController.swift in Sources */ = {isa = PBXBuildFile; fileRef = CFA4D315221B56BD001972EC /* SearchCollectionViewController.swift */; };
		CFA4D319221B804E001972EC /* CartViewProductCell.swift in Sources */ = {isa = PBXBuildFile; fileRef = CFA4D317221B804E001972EC /* CartViewProductCell.swift */; };
		CFA4D31A221B804E001972EC /* CartViewProductCell.xib in Resources */ = {isa = PBXBuildFile; fileRef = CFA4D318221B804E001972EC /* CartViewProductCell.xib */; };
		CFB0C444221A1BE800DEFE55 /* ProductDetailViewController.swift in Sources */ = {isa = PBXBuildFile; fileRef = CFB0C442221A1BE800DEFE55 /* ProductDetailViewController.swift */; };
		CFB0C445221A1BE800DEFE55 /* ProductDetailViewController.xib in Resources */ = {isa = PBXBuildFile; fileRef = CFB0C443221A1BE800DEFE55 /* ProductDetailViewController.xib */; };
		CFC32B1821EF572E007001C5 /* Catalog.swift in Sources */ = {isa = PBXBuildFile; fileRef = CFC32B1721EF572E007001C5 /* Catalog.swift */; };
		CFC349DC221F1D24002D7118 /* libMailCore-ios.a in Frameworks */ = {isa = PBXBuildFile; fileRef = CFC349CC221F1CB7002D7118 /* libMailCore-ios.a */; };
		CFC349DE221F1D56002D7118 /* CFNetwork.framework in Frameworks */ = {isa = PBXBuildFile; fileRef = CFC349DD221F1D56002D7118 /* CFNetwork.framework */; };
		CFC349E0221F1D5C002D7118 /* Security.framework in Frameworks */ = {isa = PBXBuildFile; fileRef = CFC349DF221F1D5C002D7118 /* Security.framework */; };
		E5154EA4221AF92A00A84E48 /* HamburgerMenuViewController.swift in Sources */ = {isa = PBXBuildFile; fileRef = E5154EA3221AF92A00A84E48 /* HamburgerMenuViewController.swift */; };
		E594698921B6AA4F007A3CE8 /* AppDelegate.swift in Sources */ = {isa = PBXBuildFile; fileRef = E594698821B6AA4F007A3CE8 /* AppDelegate.swift */; };
		E594699021B6AA5A007A3CE8 /* Assets.xcassets in Resources */ = {isa = PBXBuildFile; fileRef = E594698F21B6AA5A007A3CE8 /* Assets.xcassets */; };
		E594699321B6AA5A007A3CE8 /* Main.storyboard in Resources */ = {isa = PBXBuildFile; fileRef = E594699121B6AA5A007A3CE8 /* Main.storyboard */; };
		E594699B21B6AAB9007A3CE8 /* AppAssets.xcassets in Resources */ = {isa = PBXBuildFile; fileRef = E594699A21B6AAB9007A3CE8 /* AppAssets.xcassets */; };
		E594699D21B6AAE0007A3CE8 /* ShopLocalAssets.xcassets in Resources */ = {isa = PBXBuildFile; fileRef = E594699C21B6AAE0007A3CE8 /* ShopLocalAssets.xcassets */; };
		E5C50A4D2220137E008697DF /* CategoryTableCell.xib in Resources */ = {isa = PBXBuildFile; fileRef = E5C50A4C2220137E008697DF /* CategoryTableCell.xib */; };
		E5C50A4F2220146A008697DF /* SubCategoryTableCell.xib in Resources */ = {isa = PBXBuildFile; fileRef = E5C50A4E2220146A008697DF /* SubCategoryTableCell.xib */; };
/* End PBXBuildFile section */

/* Begin PBXContainerItemProxy section */
		CFC349C9221F1CB7002D7118 /* PBXContainerItemProxy */ = {
			isa = PBXContainerItemProxy;
			containerPortal = CFC349BE221F1CB5002D7118 /* mailcore2.xcodeproj */;
			proxyType = 2;
			remoteGlobalIDString = C64EA537169E772200778456;
			remoteInfo = "static mailcore2 osx";
		};
		CFC349CB221F1CB7002D7118 /* PBXContainerItemProxy */ = {
			isa = PBXContainerItemProxy;
			containerPortal = CFC349BE221F1CB5002D7118 /* mailcore2.xcodeproj */;
			proxyType = 2;
			remoteGlobalIDString = C6BA2C191705F4E6003F0E9E;
			remoteInfo = "static mailcore2 ios";
		};
		CFC349CD221F1CB7002D7118 /* PBXContainerItemProxy */ = {
			isa = PBXContainerItemProxy;
			containerPortal = CFC349BE221F1CB5002D7118 /* mailcore2.xcodeproj */;
			proxyType = 2;
			remoteGlobalIDString = C64EA78C169F259200778456;
			remoteInfo = tests;
		};
		CFC349CF221F1CB7002D7118 /* PBXContainerItemProxy */ = {
			isa = PBXContainerItemProxy;
			containerPortal = CFC349BE221F1CB5002D7118 /* mailcore2.xcodeproj */;
			proxyType = 2;
			remoteGlobalIDString = C6A81B911706840C00882C15;
			remoteInfo = "test-ios";
		};
		CFC349D1221F1CB7002D7118 /* PBXContainerItemProxy */ = {
			isa = PBXContainerItemProxy;
			containerPortal = CFC349BE221F1CB5002D7118 /* mailcore2.xcodeproj */;
			proxyType = 2;
			remoteGlobalIDString = C6BD288D170BD71100A91AC1;
			remoteInfo = "mailcore osx";
		};
		CFC349D3221F1CB7002D7118 /* PBXContainerItemProxy */ = {
			isa = PBXContainerItemProxy;
			containerPortal = CFC349BE221F1CB5002D7118 /* mailcore2.xcodeproj */;
			proxyType = 2;
			remoteGlobalIDString = 27780C3A19CF9CD100C77E44;
			remoteInfo = "mailcore ios";
		};
		CFC349D5221F1CB7002D7118 /* PBXContainerItemProxy */ = {
			isa = PBXContainerItemProxy;
			containerPortal = CFC349BE221F1CB5002D7118 /* mailcore2.xcodeproj */;
			proxyType = 2;
			remoteGlobalIDString = C6B5AE0219F630B3001352A6;
			remoteInfo = unittest;
		};
		CFC349D7221F1CB7002D7118 /* PBXContainerItemProxy */ = {
			isa = PBXContainerItemProxy;
			containerPortal = CFC349BE221F1CB5002D7118 /* mailcore2.xcodeproj */;
			proxyType = 2;
			remoteGlobalIDString = C600B6141A242C3F000728F1;
			remoteInfo = unittestcpp;
		};
		CFC349D9221F1CE8002D7118 /* PBXContainerItemProxy */ = {
			isa = PBXContainerItemProxy;
			containerPortal = CFC349BE221F1CB5002D7118 /* mailcore2.xcodeproj */;
			proxyType = 1;
			remoteGlobalIDString = C6BA2B091705F4E6003F0E9E;
			remoteInfo = "static mailcore2 ios";
		};
/* End PBXContainerItemProxy section */

/* Begin PBXFileReference section */
		CF0C11EB221C28A90067D023 /* CartSummaryCollectionViewCell.swift */ = {isa = PBXFileReference; lastKnownFileType = sourcecode.swift; path = CartSummaryCollectionViewCell.swift; sourceTree = "<group>"; };
		CF0C11EC221C28AA0067D023 /* CartSummaryCollectionViewCell.xib */ = {isa = PBXFileReference; lastKnownFileType = file.xib; path = CartSummaryCollectionViewCell.xib; sourceTree = "<group>"; };
		CF0C11EF221C33250067D023 /* CartViewController.swift */ = {isa = PBXFileReference; lastKnownFileType = sourcecode.swift; path = CartViewController.swift; sourceTree = "<group>"; };
		CF273CA321F2331D00C40D0C /* ProductCollectionViewCell.swift */ = {isa = PBXFileReference; lastKnownFileType = sourcecode.swift; path = ProductCollectionViewCell.swift; sourceTree = "<group>"; };
		CF273CA421F2331D00C40D0C /* ProductCollectionViewCell.xib */ = {isa = PBXFileReference; lastKnownFileType = file.xib; path = ProductCollectionViewCell.xib; sourceTree = "<group>"; };
		CF273CA721F236F600C40D0C /* ProductsCollectionViewController.swift */ = {isa = PBXFileReference; lastKnownFileType = sourcecode.swift; path = ProductsCollectionViewController.swift; sourceTree = "<group>"; };
		CF59632221F1E7F70011ADBD /* catalog.json */ = {isa = PBXFileReference; lastKnownFileType = text.json; path = catalog.json; sourceTree = "<group>"; };
		CF5A45352216197C00385CB9 /* titleImage.jpg */ = {isa = PBXFileReference; lastKnownFileType = image.jpeg; path = titleImage.jpg; sourceTree = "<group>"; };
		CF5B2D61221F0A4E0054EAE5 /* OrderTotalViewCell.swift */ = {isa = PBXFileReference; fileEncoding = 4; lastKnownFileType = sourcecode.swift; path = OrderTotalViewCell.swift; sourceTree = "<group>"; };
		CF5B2D62221F0A4E0054EAE5 /* OrderProductViewCell.xib */ = {isa = PBXFileReference; fileEncoding = 4; lastKnownFileType = file.xib; path = OrderProductViewCell.xib; sourceTree = "<group>"; };
		CF5B2D63221F0A4F0054EAE5 /* Cart.swift */ = {isa = PBXFileReference; fileEncoding = 4; lastKnownFileType = sourcecode.swift; path = Cart.swift; sourceTree = "<group>"; };
		CF5B2D64221F0A500054EAE5 /* Utility.swift */ = {isa = PBXFileReference; fileEncoding = 4; lastKnownFileType = sourcecode.swift; path = Utility.swift; sourceTree = "<group>"; };
		CF5B2D65221F0A510054EAE5 /* OrderShippingDataViewCell.swift */ = {isa = PBXFileReference; fileEncoding = 4; lastKnownFileType = sourcecode.swift; path = OrderShippingDataViewCell.swift; sourceTree = "<group>"; };
		CF5B2D66221F0A510054EAE5 /* OrderShippingDataViewCell.xib */ = {isa = PBXFileReference; fileEncoding = 4; lastKnownFileType = file.xib; path = OrderShippingDataViewCell.xib; sourceTree = "<group>"; };
		CF5B2D67221F0A520054EAE5 /* OrderProductViewCell.swift */ = {isa = PBXFileReference; fileEncoding = 4; lastKnownFileType = sourcecode.swift; path = OrderProductViewCell.swift; sourceTree = "<group>"; };
		CF5B2D68221F0A530054EAE5 /* OrderTotalViewCell.xib */ = {isa = PBXFileReference; fileEncoding = 4; lastKnownFileType = file.xib; path = OrderTotalViewCell.xib; sourceTree = "<group>"; };
		CF801196221F2861003523B2 /* OrderViewController.swift */ = {isa = PBXFileReference; lastKnownFileType = sourcecode.swift; path = OrderViewController.swift; sourceTree = "<group>"; };
		CF8149012218B12F00EED500 /* CartDelegate.swift */ = {isa = PBXFileReference; lastKnownFileType = sourcecode.swift; path = CartDelegate.swift; sourceTree = "<group>"; };
		CF8149032218B80400EED500 /* ProductsViewControllerDelegate.swift */ = {isa = PBXFileReference; lastKnownFileType = sourcecode.swift; path = ProductsViewControllerDelegate.swift; sourceTree = "<group>"; };
		CF8922CD21FB680A00EFDC24 /* SliderViewCell.swift */ = {isa = PBXFileReference; lastKnownFileType = sourcecode.swift; path = SliderViewCell.swift; sourceTree = "<group>"; };
		CF8922CE21FB680A00EFDC24 /* SliderViewCell.xib */ = {isa = PBXFileReference; lastKnownFileType = file.xib; path = SliderViewCell.xib; sourceTree = "<group>"; };
		CF9457F8221337D000AAE4FD /* Slider.swift */ = {isa = PBXFileReference; lastKnownFileType = sourcecode.swift; path = Slider.swift; sourceTree = "<group>"; };
		CFA4D315221B56BD001972EC /* SearchCollectionViewController.swift */ = {isa = PBXFileReference; lastKnownFileType = sourcecode.swift; path = SearchCollectionViewController.swift; sourceTree = "<group>"; };
		CFA4D317221B804E001972EC /* CartViewProductCell.swift */ = {isa = PBXFileReference; lastKnownFileType = sourcecode.swift; path = CartViewProductCell.swift; sourceTree = "<group>"; };
		CFA4D318221B804E001972EC /* CartViewProductCell.xib */ = {isa = PBXFileReference; lastKnownFileType = file.xib; path = CartViewProductCell.xib; sourceTree = "<group>"; };
		CFB0C442221A1BE800DEFE55 /* ProductDetailViewController.swift */ = {isa = PBXFileReference; lastKnownFileType = sourcecode.swift; path = ProductDetailViewController.swift; sourceTree = "<group>"; };
		CFB0C443221A1BE800DEFE55 /* ProductDetailViewController.xib */ = {isa = PBXFileReference; lastKnownFileType = file.xib; path = ProductDetailViewController.xib; sourceTree = "<group>"; };
		CFC32B1721EF572E007001C5 /* Catalog.swift */ = {isa = PBXFileReference; lastKnownFileType = sourcecode.swift; path = Catalog.swift; sourceTree = "<group>"; };
		CFC349BE221F1CB5002D7118 /* mailcore2.xcodeproj */ = {isa = PBXFileReference; lastKnownFileType = "wrapper.pb-project"; name = mailcore2.xcodeproj; path = "mailcore2/build-mac/mailcore2.xcodeproj"; sourceTree = "<group>"; };
		CFC349DD221F1D56002D7118 /* CFNetwork.framework */ = {isa = PBXFileReference; lastKnownFileType = wrapper.framework; name = CFNetwork.framework; path = System/Library/Frameworks/CFNetwork.framework; sourceTree = SDKROOT; };
		CFC349DF221F1D5C002D7118 /* Security.framework */ = {isa = PBXFileReference; lastKnownFileType = wrapper.framework; name = Security.framework; path = System/Library/Frameworks/Security.framework; sourceTree = SDKROOT; };
		CFC349E2221F238C002D7118 /* E Shop-Bridge-Header.h */ = {isa = PBXFileReference; lastKnownFileType = sourcecode.c.h; name = "E Shop-Bridge-Header.h"; path = "/Users/danielurumov/Documents/2018_prj_eshop/E Shop/E Shop/E Shop-Bridge-Header.h"; sourceTree = "<absolute>"; };
		E5154EA3221AF92A00A84E48 /* HamburgerMenuViewController.swift */ = {isa = PBXFileReference; lastKnownFileType = sourcecode.swift; path = HamburgerMenuViewController.swift; sourceTree = "<group>"; };
		E594698521B6AA4F007A3CE8 /* E Shop.app */ = {isa = PBXFileReference; explicitFileType = wrapper.application; includeInIndex = 0; path = "E Shop.app"; sourceTree = BUILT_PRODUCTS_DIR; };
		E594698821B6AA4F007A3CE8 /* AppDelegate.swift */ = {isa = PBXFileReference; lastKnownFileType = sourcecode.swift; path = AppDelegate.swift; sourceTree = "<group>"; };
		E594698F21B6AA5A007A3CE8 /* Assets.xcassets */ = {isa = PBXFileReference; lastKnownFileType = folder.assetcatalog; path = Assets.xcassets; sourceTree = "<group>"; };
		E594699221B6AA5A007A3CE8 /* Base */ = {isa = PBXFileReference; lastKnownFileType = file.storyboard; name = Base; path = Base.lproj/Main.storyboard; sourceTree = "<group>"; };
		E594699421B6AA5A007A3CE8 /* Info.plist */ = {isa = PBXFileReference; lastKnownFileType = text.plist.xml; path = Info.plist; sourceTree = "<group>"; };
		E594699A21B6AAB9007A3CE8 /* AppAssets.xcassets */ = {isa = PBXFileReference; lastKnownFileType = folder.assetcatalog; name = AppAssets.xcassets; path = ../../assets/AppAssets.xcassets; sourceTree = "<group>"; };
		E594699C21B6AAE0007A3CE8 /* ShopLocalAssets.xcassets */ = {isa = PBXFileReference; lastKnownFileType = folder.assetcatalog; name = ShopLocalAssets.xcassets; path = ../../assets/ShopLocalAssets.xcassets; sourceTree = "<group>"; };
		E5C50A4C2220137E008697DF /* CategoryTableCell.xib */ = {isa = PBXFileReference; lastKnownFileType = file.xib; path = CategoryTableCell.xib; sourceTree = "<group>"; };
		E5C50A4E2220146A008697DF /* SubCategoryTableCell.xib */ = {isa = PBXFileReference; lastKnownFileType = file.xib; path = SubCategoryTableCell.xib; sourceTree = "<group>"; };
/* End PBXFileReference section */

/* Begin PBXFrameworksBuildPhase section */
		E594698221B6AA4F007A3CE8 /* Frameworks */ = {
			isa = PBXFrameworksBuildPhase;
			buildActionMask = 2147483647;
			files = (
				CFC349E0221F1D5C002D7118 /* Security.framework in Frameworks */,
				CFC349DE221F1D56002D7118 /* CFNetwork.framework in Frameworks */,
				CFC349DC221F1D24002D7118 /* libMailCore-ios.a in Frameworks */,
			);
			runOnlyForDeploymentPostprocessing = 0;
		};
/* End PBXFrameworksBuildPhase section */

/* Begin PBXGroup section */
		CFC349BF221F1CB5002D7118 /* Products */ = {
			isa = PBXGroup;
			children = (
				CFC349CA221F1CB7002D7118 /* libMailCore.a */,
				CFC349CC221F1CB7002D7118 /* libMailCore-ios.a */,
				CFC349CE221F1CB7002D7118 /* tests */,
				CFC349D0221F1CB7002D7118 /* test-ios.app */,
				CFC349D2221F1CB7002D7118 /* MailCore.framework */,
				CFC349D4221F1CB7002D7118 /* MailCore.framework */,
				CFC349D6221F1CB7002D7118 /* unittest.xctest */,
				CFC349D8221F1CB7002D7118 /* unittestcpp */,
			);
			name = Products;
			sourceTree = "<group>";
		};
		CFC349DB221F1D24002D7118 /* Frameworks */ = {
			isa = PBXGroup;
			children = (
				CFC349DF221F1D5C002D7118 /* Security.framework */,
				CFC349DD221F1D56002D7118 /* CFNetwork.framework */,
			);
			name = Frameworks;
			sourceTree = "<group>";
		};
		E594697C21B6AA4F007A3CE8 = {
			isa = PBXGroup;
			children = (
				E594698721B6AA4F007A3CE8 /* E Shop */,
				E594698621B6AA4F007A3CE8 /* Products */,
				CFC349DB221F1D24002D7118 /* Frameworks */,
			);
			sourceTree = "<group>";
		};
		E594698621B6AA4F007A3CE8 /* Products */ = {
			isa = PBXGroup;
			children = (
				E594698521B6AA4F007A3CE8 /* E Shop.app */,
			);
			name = Products;
			sourceTree = "<group>";
		};
		E594698721B6AA4F007A3CE8 /* E Shop */ = {
			isa = PBXGroup;
			children = (
				CFC349E2221F238C002D7118 /* E Shop-Bridge-Header.h */,
				CFC349BE221F1CB5002D7118 /* mailcore2.xcodeproj */,
				CFA4D317221B804E001972EC /* CartViewProductCell.swift */,
				CF0C11EB221C28A90067D023 /* CartSummaryCollectionViewCell.swift */,
				CF0C11EF221C33250067D023 /* CartViewController.swift */,
				CF5B2D63221F0A4F0054EAE5 /* Cart.swift */,
				CF5B2D67221F0A520054EAE5 /* OrderProductViewCell.swift */,
				CF5B2D62221F0A4E0054EAE5 /* OrderProductViewCell.xib */,
				CF5B2D65221F0A510054EAE5 /* OrderShippingDataViewCell.swift */,
				CF5B2D66221F0A510054EAE5 /* OrderShippingDataViewCell.xib */,
				CF5B2D61221F0A4E0054EAE5 /* OrderTotalViewCell.swift */,
				CF5B2D68221F0A530054EAE5 /* OrderTotalViewCell.xib */,
				CF5B2D64221F0A500054EAE5 /* Utility.swift */,
				CF801196221F2861003523B2 /* OrderViewController.swift */,
				CF0C11EC221C28AA0067D023 /* CartSummaryCollectionViewCell.xib */,
				CFA4D318221B804E001972EC /* CartViewProductCell.xib */,
				CF273CA321F2331D00C40D0C /* ProductCollectionViewCell.swift */,
				CF273CA421F2331D00C40D0C /* ProductCollectionViewCell.xib */,
				E594698821B6AA4F007A3CE8 /* AppDelegate.swift */,
				E594698F21B6AA5A007A3CE8 /* Assets.xcassets */,
				E594699121B6AA5A007A3CE8 /* Main.storyboard */,
				CFA4D315221B56BD001972EC /* SearchCollectionViewController.swift */,
				E594699A21B6AAB9007A3CE8 /* AppAssets.xcassets */,
				E594699C21B6AAE0007A3CE8 /* ShopLocalAssets.xcassets */,
				CF8149012218B12F00EED500 /* CartDelegate.swift */,
				CFB0C442221A1BE800DEFE55 /* ProductDetailViewController.swift */,
				CFB0C443221A1BE800DEFE55 /* ProductDetailViewController.xib */,
				CF273CA721F236F600C40D0C /* ProductsCollectionViewController.swift */,
				CF8149032218B80400EED500 /* ProductsViewControllerDelegate.swift */,
				CF9457F8221337D000AAE4FD /* Slider.swift */,
				CFC32B1721EF572E007001C5 /* Catalog.swift */,
				CF59632221F1E7F70011ADBD /* catalog.json */,
				CF8922CD21FB680A00EFDC24 /* SliderViewCell.swift */,
				CF8922CE21FB680A00EFDC24 /* SliderViewCell.xib */,
				CF5A45352216197C00385CB9 /* titleImage.jpg */,
				E594699421B6AA5A007A3CE8 /* Info.plist */,
				E5154EA3221AF92A00A84E48 /* HamburgerMenuViewController.swift */,
				E5C50A4C2220137E008697DF /* CategoryTableCell.xib */,
				E5C50A4E2220146A008697DF /* SubCategoryTableCell.xib */,
			);
			path = "E Shop";
			sourceTree = "<group>";
		};
/* End PBXGroup section */

/* Begin PBXNativeTarget section */
		E594698421B6AA4F007A3CE8 /* E Shop */ = {
			isa = PBXNativeTarget;
			buildConfigurationList = E594699721B6AA5A007A3CE8 /* Build configuration list for PBXNativeTarget "E Shop" */;
			buildPhases = (
				E594698121B6AA4F007A3CE8 /* Sources */,
				E594698221B6AA4F007A3CE8 /* Frameworks */,
				E594698321B6AA4F007A3CE8 /* Resources */,
			);
			buildRules = (
			);
			dependencies = (
				CFC349DA221F1CE8002D7118 /* PBXTargetDependency */,
			);
			name = "E Shop";
			productName = "E Shop";
			productReference = E594698521B6AA4F007A3CE8 /* E Shop.app */;
			productType = "com.apple.product-type.application";
		};
/* End PBXNativeTarget section */

/* Begin PBXProject section */
		E594697D21B6AA4F007A3CE8 /* Project object */ = {
			isa = PBXProject;
			attributes = {
				LastSwiftUpdateCheck = 1000;
				LastUpgradeCheck = 1000;
				ORGANIZATIONNAME = teameshop;
				TargetAttributes = {
					E594698421B6AA4F007A3CE8 = {
						CreatedOnToolsVersion = 10.0;
					};
				};
			};
			buildConfigurationList = E594698021B6AA4F007A3CE8 /* Build configuration list for PBXProject "E Shop" */;
			compatibilityVersion = "Xcode 9.3";
			developmentRegion = en;
			hasScannedForEncodings = 0;
			knownRegions = (
				en,
				Base,
			);
			mainGroup = E594697C21B6AA4F007A3CE8;
			productRefGroup = E594698621B6AA4F007A3CE8 /* Products */;
			projectDirPath = "";
			projectReferences = (
				{
					ProductGroup = CFC349BF221F1CB5002D7118 /* Products */;
					ProjectRef = CFC349BE221F1CB5002D7118 /* mailcore2.xcodeproj */;
				},
			);
			projectRoot = "";
			targets = (
				E594698421B6AA4F007A3CE8 /* E Shop */,
			);
		};
/* End PBXProject section */

/* Begin PBXReferenceProxy section */
		CFC349CA221F1CB7002D7118 /* libMailCore.a */ = {
			isa = PBXReferenceProxy;
			fileType = archive.ar;
			path = libMailCore.a;
			remoteRef = CFC349C9221F1CB7002D7118 /* PBXContainerItemProxy */;
			sourceTree = BUILT_PRODUCTS_DIR;
		};
		CFC349CC221F1CB7002D7118 /* libMailCore-ios.a */ = {
			isa = PBXReferenceProxy;
			fileType = archive.ar;
			path = "libMailCore-ios.a";
			remoteRef = CFC349CB221F1CB7002D7118 /* PBXContainerItemProxy */;
			sourceTree = BUILT_PRODUCTS_DIR;
		};
		CFC349CE221F1CB7002D7118 /* tests */ = {
			isa = PBXReferenceProxy;
			fileType = "compiled.mach-o.executable";
			path = tests;
			remoteRef = CFC349CD221F1CB7002D7118 /* PBXContainerItemProxy */;
			sourceTree = BUILT_PRODUCTS_DIR;
		};
		CFC349D0221F1CB7002D7118 /* test-ios.app */ = {
			isa = PBXReferenceProxy;
			fileType = wrapper.application;
			path = "test-ios.app";
			remoteRef = CFC349CF221F1CB7002D7118 /* PBXContainerItemProxy */;
			sourceTree = BUILT_PRODUCTS_DIR;
		};
		CFC349D2221F1CB7002D7118 /* MailCore.framework */ = {
			isa = PBXReferenceProxy;
			fileType = wrapper.framework;
			path = MailCore.framework;
			remoteRef = CFC349D1221F1CB7002D7118 /* PBXContainerItemProxy */;
			sourceTree = BUILT_PRODUCTS_DIR;
		};
		CFC349D4221F1CB7002D7118 /* MailCore.framework */ = {
			isa = PBXReferenceProxy;
			fileType = wrapper.framework;
			path = MailCore.framework;
			remoteRef = CFC349D3221F1CB7002D7118 /* PBXContainerItemProxy */;
			sourceTree = BUILT_PRODUCTS_DIR;
		};
		CFC349D6221F1CB7002D7118 /* unittest.xctest */ = {
			isa = PBXReferenceProxy;
			fileType = wrapper.cfbundle;
			path = unittest.xctest;
			remoteRef = CFC349D5221F1CB7002D7118 /* PBXContainerItemProxy */;
			sourceTree = BUILT_PRODUCTS_DIR;
		};
		CFC349D8221F1CB7002D7118 /* unittestcpp */ = {
			isa = PBXReferenceProxy;
			fileType = "compiled.mach-o.executable";
			path = unittestcpp;
			remoteRef = CFC349D7221F1CB7002D7118 /* PBXContainerItemProxy */;
			sourceTree = BUILT_PRODUCTS_DIR;
		};
/* End PBXReferenceProxy section */

/* Begin PBXResourcesBuildPhase section */
		E594698321B6AA4F007A3CE8 /* Resources */ = {
			isa = PBXResourcesBuildPhase;
			buildActionMask = 2147483647;
			files = (
				CF5B2D6F221F0A540054EAE5 /* OrderShippingDataViewCell.xib in Resources */,
				E594699321B6AA5A007A3CE8 /* Main.storyboard in Resources */,
				CF59632321F1EB5B0011ADBD /* catalog.json in Resources */,
				CFA4D31A221B804E001972EC /* CartViewProductCell.xib in Resources */,
				CF5A4536221619D800385CB9 /* titleImage.jpg in Resources */,
				E594699D21B6AAE0007A3CE8 /* ShopLocalAssets.xcassets in Resources */,
				CF273CA621F2331E00C40D0C /* ProductCollectionViewCell.xib in Resources */,
				CFB0C445221A1BE800DEFE55 /* ProductDetailViewController.xib in Resources */,
				CF8922D021FB680A00EFDC24 /* SliderViewCell.xib in Resources */,
				E5C50A4F2220146A008697DF /* SubCategoryTableCell.xib in Resources */,
				CF0C11EE221C28AB0067D023 /* CartSummaryCollectionViewCell.xib in Resources */,
				CF5B2D6B221F0A540054EAE5 /* OrderProductViewCell.xib in Resources */,
				E594699021B6AA5A007A3CE8 /* Assets.xcassets in Resources */,
				CF5B2D71221F0A540054EAE5 /* OrderTotalViewCell.xib in Resources */,
				E5C50A4D2220137E008697DF /* CategoryTableCell.xib in Resources */,
				E594699B21B6AAB9007A3CE8 /* AppAssets.xcassets in Resources */,
			);
			runOnlyForDeploymentPostprocessing = 0;
		};
/* End PBXResourcesBuildPhase section */

/* Begin PBXSourcesBuildPhase section */
		E594698121B6AA4F007A3CE8 /* Sources */ = {
			isa = PBXSourcesBuildPhase;
			buildActionMask = 2147483647;
			files = (
				CFA4D319221B804E001972EC /* CartViewProductCell.swift in Sources */,
				CFC32B1821EF572E007001C5 /* Catalog.swift in Sources */,
				CF273CA821F236F600C40D0C /* ProductsCollectionViewController.swift in Sources */,
				CF5B2D70221F0A540054EAE5 /* OrderProductViewCell.swift in Sources */,
				CF8922CF21FB680A00EFDC24 /* SliderViewCell.swift in Sources */,
				CF5B2D6A221F0A540054EAE5 /* OrderTotalViewCell.swift in Sources */,
				CF8149022218B12F00EED500 /* CartDelegate.swift in Sources */,
				CFA4D316221B56BD001972EC /* SearchCollectionViewController.swift in Sources */,
				CF8149042218B80400EED500 /* ProductsViewControllerDelegate.swift in Sources */,
				E594698921B6AA4F007A3CE8 /* AppDelegate.swift in Sources */,
				E5154EA4221AF92A00A84E48 /* HamburgerMenuViewController.swift in Sources */,
				CF801197221F2861003523B2 /* OrderViewController.swift in Sources */,
				CF0C11ED221C28AA0067D023 /* CartSummaryCollectionViewCell.swift in Sources */,
				CF9457F9221337D000AAE4FD /* Slider.swift in Sources */,
				CF0C11F0221C33250067D023 /* CartViewController.swift in Sources */,
				CF273CA521F2331E00C40D0C /* ProductCollectionViewCell.swift in Sources */,
				CFB0C444221A1BE800DEFE55 /* ProductDetailViewController.swift in Sources */,
				CF5B2D6E221F0A540054EAE5 /* OrderShippingDataViewCell.swift in Sources */,
				CF5B2D6C221F0A540054EAE5 /* Cart.swift in Sources */,
				CF5B2D6D221F0A540054EAE5 /* Utility.swift in Sources */,
			);
			runOnlyForDeploymentPostprocessing = 0;
		};
/* End PBXSourcesBuildPhase section */

/* Begin PBXTargetDependency section */
		CFC349DA221F1CE8002D7118 /* PBXTargetDependency */ = {
			isa = PBXTargetDependency;
			name = "static mailcore2 ios";
			targetProxy = CFC349D9221F1CE8002D7118 /* PBXContainerItemProxy */;
		};
/* End PBXTargetDependency section */

/* Begin PBXVariantGroup section */
		E594699121B6AA5A007A3CE8 /* Main.storyboard */ = {
			isa = PBXVariantGroup;
			children = (
				E594699221B6AA5A007A3CE8 /* Base */,
			);
			name = Main.storyboard;
			sourceTree = "<group>";
		};
/* End PBXVariantGroup section */

/* Begin XCBuildConfiguration section */
		E594699521B6AA5A007A3CE8 /* Debug */ = {
			isa = XCBuildConfiguration;
			buildSettings = {
				ALWAYS_SEARCH_USER_PATHS = NO;
				CLANG_ANALYZER_NONNULL = YES;
				CLANG_ANALYZER_NUMBER_OBJECT_CONVERSION = YES_AGGRESSIVE;
				CLANG_CXX_LANGUAGE_STANDARD = "gnu++14";
				CLANG_CXX_LIBRARY = "libc++";
				CLANG_ENABLE_MODULES = YES;
				CLANG_ENABLE_OBJC_ARC = YES;
				CLANG_ENABLE_OBJC_WEAK = YES;
				CLANG_WARN_BLOCK_CAPTURE_AUTORELEASING = YES;
				CLANG_WARN_BOOL_CONVERSION = YES;
				CLANG_WARN_COMMA = YES;
				CLANG_WARN_CONSTANT_CONVERSION = YES;
				CLANG_WARN_DEPRECATED_OBJC_IMPLEMENTATIONS = YES;
				CLANG_WARN_DIRECT_OBJC_ISA_USAGE = YES_ERROR;
				CLANG_WARN_DOCUMENTATION_COMMENTS = YES;
				CLANG_WARN_EMPTY_BODY = YES;
				CLANG_WARN_ENUM_CONVERSION = YES;
				CLANG_WARN_INFINITE_RECURSION = YES;
				CLANG_WARN_INT_CONVERSION = YES;
				CLANG_WARN_NON_LITERAL_NULL_CONVERSION = YES;
				CLANG_WARN_OBJC_IMPLICIT_RETAIN_SELF = YES;
				CLANG_WARN_OBJC_LITERAL_CONVERSION = YES;
				CLANG_WARN_OBJC_ROOT_CLASS = YES_ERROR;
				CLANG_WARN_RANGE_LOOP_ANALYSIS = YES;
				CLANG_WARN_STRICT_PROTOTYPES = YES;
				CLANG_WARN_SUSPICIOUS_MOVE = YES;
				CLANG_WARN_UNGUARDED_AVAILABILITY = YES_AGGRESSIVE;
				CLANG_WARN_UNREACHABLE_CODE = YES;
				CLANG_WARN__DUPLICATE_METHOD_MATCH = YES;
				CODE_SIGN_IDENTITY = "iPhone Developer";
				COPY_PHASE_STRIP = NO;
				DEBUG_INFORMATION_FORMAT = dwarf;
				ENABLE_STRICT_OBJC_MSGSEND = YES;
				ENABLE_TESTABILITY = YES;
				GCC_C_LANGUAGE_STANDARD = gnu11;
				GCC_DYNAMIC_NO_PIC = NO;
				GCC_NO_COMMON_BLOCKS = YES;
				GCC_OPTIMIZATION_LEVEL = 0;
				GCC_PREPROCESSOR_DEFINITIONS = (
					"DEBUG=1",
					"$(inherited)",
				);
				GCC_WARN_64_TO_32_BIT_CONVERSION = YES;
				GCC_WARN_ABOUT_RETURN_TYPE = YES_ERROR;
				GCC_WARN_UNDECLARED_SELECTOR = YES;
				GCC_WARN_UNINITIALIZED_AUTOS = YES_AGGRESSIVE;
				GCC_WARN_UNUSED_FUNCTION = YES;
				GCC_WARN_UNUSED_VARIABLE = YES;
				IPHONEOS_DEPLOYMENT_TARGET = 12.0;
				MTL_ENABLE_DEBUG_INFO = INCLUDE_SOURCE;
				MTL_FAST_MATH = YES;
				ONLY_ACTIVE_ARCH = YES;
				SDKROOT = iphoneos;
				SWIFT_ACTIVE_COMPILATION_CONDITIONS = DEBUG;
				SWIFT_OPTIMIZATION_LEVEL = "-Onone";
			};
			name = Debug;
		};
		E594699621B6AA5A007A3CE8 /* Release */ = {
			isa = XCBuildConfiguration;
			buildSettings = {
				ALWAYS_SEARCH_USER_PATHS = NO;
				CLANG_ANALYZER_NONNULL = YES;
				CLANG_ANALYZER_NUMBER_OBJECT_CONVERSION = YES_AGGRESSIVE;
				CLANG_CXX_LANGUAGE_STANDARD = "gnu++14";
				CLANG_CXX_LIBRARY = "libc++";
				CLANG_ENABLE_MODULES = YES;
				CLANG_ENABLE_OBJC_ARC = YES;
				CLANG_ENABLE_OBJC_WEAK = YES;
				CLANG_WARN_BLOCK_CAPTURE_AUTORELEASING = YES;
				CLANG_WARN_BOOL_CONVERSION = YES;
				CLANG_WARN_COMMA = YES;
				CLANG_WARN_CONSTANT_CONVERSION = YES;
				CLANG_WARN_DEPRECATED_OBJC_IMPLEMENTATIONS = YES;
				CLANG_WARN_DIRECT_OBJC_ISA_USAGE = YES_ERROR;
				CLANG_WARN_DOCUMENTATION_COMMENTS = YES;
				CLANG_WARN_EMPTY_BODY = YES;
				CLANG_WARN_ENUM_CONVERSION = YES;
				CLANG_WARN_INFINITE_RECURSION = YES;
				CLANG_WARN_INT_CONVERSION = YES;
				CLANG_WARN_NON_LITERAL_NULL_CONVERSION = YES;
				CLANG_WARN_OBJC_IMPLICIT_RETAIN_SELF = YES;
				CLANG_WARN_OBJC_LITERAL_CONVERSION = YES;
				CLANG_WARN_OBJC_ROOT_CLASS = YES_ERROR;
				CLANG_WARN_RANGE_LOOP_ANALYSIS = YES;
				CLANG_WARN_STRICT_PROTOTYPES = YES;
				CLANG_WARN_SUSPICIOUS_MOVE = YES;
				CLANG_WARN_UNGUARDED_AVAILABILITY = YES_AGGRESSIVE;
				CLANG_WARN_UNREACHABLE_CODE = YES;
				CLANG_WARN__DUPLICATE_METHOD_MATCH = YES;
				CODE_SIGN_IDENTITY = "iPhone Developer";
				COPY_PHASE_STRIP = NO;
				DEBUG_INFORMATION_FORMAT = "dwarf-with-dsym";
				ENABLE_NS_ASSERTIONS = NO;
				ENABLE_STRICT_OBJC_MSGSEND = YES;
				GCC_C_LANGUAGE_STANDARD = gnu11;
				GCC_NO_COMMON_BLOCKS = YES;
				GCC_WARN_64_TO_32_BIT_CONVERSION = YES;
				GCC_WARN_ABOUT_RETURN_TYPE = YES_ERROR;
				GCC_WARN_UNDECLARED_SELECTOR = YES;
				GCC_WARN_UNINITIALIZED_AUTOS = YES_AGGRESSIVE;
				GCC_WARN_UNUSED_FUNCTION = YES;
				GCC_WARN_UNUSED_VARIABLE = YES;
				IPHONEOS_DEPLOYMENT_TARGET = 12.0;
				MTL_ENABLE_DEBUG_INFO = NO;
				MTL_FAST_MATH = YES;
				SDKROOT = iphoneos;
				SWIFT_COMPILATION_MODE = wholemodule;
				SWIFT_OPTIMIZATION_LEVEL = "-O";
				VALIDATE_PRODUCT = YES;
			};
			name = Release;
		};
		E594699821B6AA5A007A3CE8 /* Debug */ = {
			isa = XCBuildConfiguration;
			buildSettings = {
				ASSETCATALOG_COMPILER_APPICON_NAME = AppIcon;
				CODE_SIGN_STYLE = Automatic;
				DEVELOPMENT_TEAM = 2L24TQ8W95;
				INFOPLIST_FILE = "E Shop/Info.plist";
				LD_RUNPATH_SEARCH_PATHS = (
					"$(inherited)",
					"@executable_path/Frameworks",
				);
				OTHER_LDFLAGS = (
					"-lc++",
					"-lresolv",
					"-stdlib=libc++",
					"-ObjC",
					"-lctemplate-ios",
					"-letpan-ios",
					"-lxml2",
					"-lsasl2",
					"-liconv",
					"-ltidy",
					"-lz",
				);
				PRODUCT_BUNDLE_IDENTIFIER = "com.fmi.E-Shop";
				PRODUCT_NAME = "$(TARGET_NAME)";
				SWIFT_OBJC_BRIDGING_HEADER = "./E Shop/E Shop-Bridge-Header.h";
				SWIFT_VERSION = 4.2;
				TARGETED_DEVICE_FAMILY = "1,2";
			};
			name = Debug;
		};
		E594699921B6AA5A007A3CE8 /* Release */ = {
			isa = XCBuildConfiguration;
			buildSettings = {
				ASSETCATALOG_COMPILER_APPICON_NAME = AppIcon;
				CODE_SIGN_STYLE = Automatic;
				DEVELOPMENT_TEAM = 2L24TQ8W95;
				INFOPLIST_FILE = "E Shop/Info.plist";
				LD_RUNPATH_SEARCH_PATHS = (
					"$(inherited)",
					"@executable_path/Frameworks",
				);
				OTHER_LDFLAGS = (
					"-lc++",
					"-lresolv",
					"-stdlib=libc++",
					"-ObjC",
					"-lctemplate-ios",
					"-letpan-ios",
					"-lxml2",
					"-lsasl2",
					"-liconv",
					"-ltidy",
					"-lz",
				);
				PRODUCT_BUNDLE_IDENTIFIER = "com.fmi.E-Shop";
				PRODUCT_NAME = "$(TARGET_NAME)";
				SWIFT_OBJC_BRIDGING_HEADER = "./E Shop/E Shop-Bridge-Header.h";
				SWIFT_VERSION = 4.2;
				TARGETED_DEVICE_FAMILY = "1,2";
			};
			name = Release;
		};
/* End XCBuildConfiguration section */

/* Begin XCConfigurationList section */
		E594698021B6AA4F007A3CE8 /* Build configuration list for PBXProject "E Shop" */ = {
			isa = XCConfigurationList;
			buildConfigurations = (
				E594699521B6AA5A007A3CE8 /* Debug */,
				E594699621B6AA5A007A3CE8 /* Release */,
			);
			defaultConfigurationIsVisible = 0;
			defaultConfigurationName = Release;
		};
		E594699721B6AA5A007A3CE8 /* Build configuration list for PBXNativeTarget "E Shop" */ = {
			isa = XCConfigurationList;
			buildConfigurations = (
				E594699821B6AA5A007A3CE8 /* Debug */,
				E594699921B6AA5A007A3CE8 /* Release */,
			);
			defaultConfigurationIsVisible = 0;
			defaultConfigurationName = Release;
		};
/* End XCConfigurationList section */
	};
	rootObject = E594697D21B6AA4F007A3CE8 /* Project object */;
}
